
Microsoft Visual Studio Solution File, Format Version 12.00
# Visual Studio Version 17
VisualStudioVersion = 17.0.32112.339
MinimumVisualStudioVersion = 10.0.40219.1
Project("{FAE04EC0-301F-11D3-BF4B-00C04F79EFBC}") = "gerenciadorPagamentos", "gerenciadorPagamentos\gerenciadorPagamentos.csproj", "{F977B514-9FC7-48BE-92CF-2EE091147025}"
EndProject
Global
	GlobalSection(SolutionConfigurationPlatforms) = preSolution
		Debug|Any CPU = Debug|Any CPU
		Release|Any CPU = Release|Any CPU
	EndGlobalSection
	GlobalSection(ProjectConfigurationPlatforms) = postSolution
		{F977B514-9FC7-48BE-92CF-2EE091147025}.Debug|Any CPU.ActiveCfg = Debug|Any CPU
		{F977B514-9FC7-48BE-92CF-2EE091147025}.Debug|Any CPU.Build.0 = Debug|Any CPU
		{F977B514-9FC7-48BE-92CF-2EE091147025}.Release|Any CPU.ActiveCfg = Release|Any CPU
		{F977B514-9FC7-48BE-92CF-2EE091147025}.Release|Any CPU.Build.0 = Release|Any CPU
	EndGlobalSection
	GlobalSection(SolutionProperties) = preSolution
		HideSolutionNode = FALSE
	EndGlobalSection
	GlobalSection(ExtensibilityGlobals) = postSolution
		SolutionGuid = {B0A3982D-EE1B-41D7-9750-2ED54AF559B3}
	EndGlobalSection
EndGlobal
